
Microsoft Visual Studio Solution File, Format Version 12.00
# Visual Studio Version 16
VisualStudioVersion = 16.0.31025.194
MinimumVisualStudioVersion = 10.0.40219.1
Project("{888888A0-9F3D-457C-B088-3A5042F75D52}") = "machine-learning-Server-with-Flask", "machine-learning-Server-with-Flask\machine-learning-Server-with-Flask.pyproj", "{88C908B6-E9A6-4875-AF1F-17D4E8403FF6}"
EndProject
Global
	GlobalSection(SolutionConfigurationPlatforms) = preSolution
		Debug|Any CPU = Debug|Any CPU
		Release|Any CPU = Release|Any CPU
	EndGlobalSection
	GlobalSection(ProjectConfigurationPlatforms) = postSolution
		{88C908B6-E9A6-4875-AF1F-17D4E8403FF6}.Debug|Any CPU.ActiveCfg = Debug|Any CPU
		{88C908B6-E9A6-4875-AF1F-17D4E8403FF6}.Release|Any CPU.ActiveCfg = Release|Any CPU
	EndGlobalSection
	GlobalSection(SolutionProperties) = preSolution
		HideSolutionNode = FALSE
	EndGlobalSection
	GlobalSection(ExtensibilityGlobals) = postSolution
		SolutionGuid = {F5286A8C-990C-4732-A295-758562B282C3}
	EndGlobalSection
EndGlobal
